
Microsoft Visual Studio Solution File, Format Version 12.00
# Visual Studio Version 16
VisualStudioVersion = 16.0.31624.102
MinimumVisualStudioVersion = 10.0.40219.1
Project("{FAE04EC0-301F-11D3-BF4B-00C04F79EFBC}") = "TravelExpertTeam2", "TravelExpertTeam2\TravelExpertTeam2.csproj", "{4DB651F5-DC6A-4577-AADC-95FB0B02C796}"
EndProject
Project("{FAE04EC0-301F-11D3-BF4B-00C04F79EFBC}") = "TravelExpertTeam2Models", "TravelExpertTeam2Models\TravelExpertTeam2Models.csproj", "{CC40C995-28C0-42A8-8912-F970EAD0D6A0}"
EndProject
Global
	GlobalSection(SolutionConfigurationPlatforms) = preSolution
		Debug|Any CPU = Debug|Any CPU
		Release|Any CPU = Release|Any CPU
	EndGlobalSection
	GlobalSection(ProjectConfigurationPlatforms) = postSolution
		{4DB651F5-DC6A-4577-AADC-95FB0B02C796}.Debug|Any CPU.ActiveCfg = Debug|Any CPU
		{4DB651F5-DC6A-4577-AADC-95FB0B02C796}.Debug|Any CPU.Build.0 = Debug|Any CPU
		{4DB651F5-DC6A-4577-AADC-95FB0B02C796}.Release|Any CPU.ActiveCfg = Release|Any CPU
		{4DB651F5-DC6A-4577-AADC-95FB0B02C796}.Release|Any CPU.Build.0 = Release|Any CPU
		{CC40C995-28C0-42A8-8912-F970EAD0D6A0}.Debug|Any CPU.ActiveCfg = Debug|Any CPU
		{CC40C995-28C0-42A8-8912-F970EAD0D6A0}.Debug|Any CPU.Build.0 = Debug|Any CPU
		{CC40C995-28C0-42A8-8912-F970EAD0D6A0}.Release|Any CPU.ActiveCfg = Release|Any CPU
		{CC40C995-28C0-42A8-8912-F970EAD0D6A0}.Release|Any CPU.Build.0 = Release|Any CPU
	EndGlobalSection
	GlobalSection(SolutionProperties) = preSolution
		HideSolutionNode = FALSE
	EndGlobalSection
	GlobalSection(ExtensibilityGlobals) = postSolution
		SolutionGuid = {54A1A5DB-AA86-4CA4-8F2D-944501D9E24C}
	EndGlobalSection
EndGlobal
